
Microsoft Visual Studio Solution File, Format Version 12.00
# Visual Studio Version 17
VisualStudioVersion = 17.11.35303.130
MinimumVisualStudioVersion = 10.0.40219.1
Project("{9A19103F-16F7-4668-BE54-9A1E7A4F7556}") = "PokeService", "PokeService\PokeService.csproj", "{CFD944C0-F9D5-4D61-BF4D-4EA9788D61BB}"
EndProject
Project("{9A19103F-16F7-4668-BE54-9A1E7A4F7556}") = "Services", "Services\Services.csproj", "{FF4A779D-B50E-4B2E-AE82-030251A9690A}"
EndProject
Project("{9A19103F-16F7-4668-BE54-9A1E7A4F7556}") = "Ent", "clsPokemon\Ent.csproj", "{53E8FE83-3389-49B2-A3B8-7DE267E0E5B4}"
EndProject
Global
	GlobalSection(SolutionConfigurationPlatforms) = preSolution
		Debug|Any CPU = Debug|Any CPU
		Release|Any CPU = Release|Any CPU
	EndGlobalSection
	GlobalSection(ProjectConfigurationPlatforms) = postSolution
		{CFD944C0-F9D5-4D61-BF4D-4EA9788D61BB}.Debug|Any CPU.ActiveCfg = Debug|Any CPU
		{CFD944C0-F9D5-4D61-BF4D-4EA9788D61BB}.Debug|Any CPU.Build.0 = Debug|Any CPU
		{CFD944C0-F9D5-4D61-BF4D-4EA9788D61BB}.Debug|Any CPU.Deploy.0 = Debug|Any CPU
		{CFD944C0-F9D5-4D61-BF4D-4EA9788D61BB}.Release|Any CPU.ActiveCfg = Release|Any CPU
		{CFD944C0-F9D5-4D61-BF4D-4EA9788D61BB}.Release|Any CPU.Build.0 = Release|Any CPU
		{CFD944C0-F9D5-4D61-BF4D-4EA9788D61BB}.Release|Any CPU.Deploy.0 = Release|Any CPU
		{FF4A779D-B50E-4B2E-AE82-030251A9690A}.Debug|Any CPU.ActiveCfg = Debug|Any CPU
		{FF4A779D-B50E-4B2E-AE82-030251A9690A}.Debug|Any CPU.Build.0 = Debug|Any CPU
		{FF4A779D-B50E-4B2E-AE82-030251A9690A}.Release|Any CPU.ActiveCfg = Release|Any CPU
		{FF4A779D-B50E-4B2E-AE82-030251A9690A}.Release|Any CPU.Build.0 = Release|Any CPU
		{53E8FE83-3389-49B2-A3B8-7DE267E0E5B4}.Debug|Any CPU.ActiveCfg = Debug|Any CPU
		{53E8FE83-3389-49B2-A3B8-7DE267E0E5B4}.Debug|Any CPU.Build.0 = Debug|Any CPU
		{53E8FE83-3389-49B2-A3B8-7DE267E0E5B4}.Release|Any CPU.ActiveCfg = Release|Any CPU
		{53E8FE83-3389-49B2-A3B8-7DE267E0E5B4}.Release|Any CPU.Build.0 = Release|Any CPU
	EndGlobalSection
	GlobalSection(SolutionProperties) = preSolution
		HideSolutionNode = FALSE
	EndGlobalSection
	GlobalSection(ExtensibilityGlobals) = postSolution
		SolutionGuid = {6B506A45-DC17-4A0A-9588-0A24BDB4A336}
	EndGlobalSection
EndGlobal
